
Microsoft Visual Studio Solution File, Format Version 12.00
# Visual Studio 2013
VisualStudioVersion = 12.0.30723.0
MinimumVisualStudioVersion = 10.0.40219.1
Project("{FAE04EC0-301F-11D3-BF4B-00C04F79EFBC}") = "HWDefiningClassesTask01Persons", "HWDefiningClassesTask01Persons\HWDefiningClassesTask01Persons.csproj", "{8E442C68-3A46-40D1-AD6D-C9437858E8FA}"
EndProject
Project("{FAE04EC0-301F-11D3-BF4B-00C04F79EFBC}") = "HWDefiningClassesTask02LaptopShop", "HWDefiningClassesTask02LaptopShop\HWDefiningClassesTask02LaptopShop.csproj", "{2A5AF08B-9305-4C31-8390-14C508F741A7}"
EndProject
Project("{FAE04EC0-301F-11D3-BF4B-00C04F79EFBC}") = "HWDefiningClassesTask03PCCatalog", "HWDefiningClassesTask03PCCatalog\HWDefiningClassesTask03PCCatalog.csproj", "{F73EFD62-9D3F-41D5-B677-E4250522D5D6}"
EndProject
Global
	GlobalSection(SolutionConfigurationPlatforms) = preSolution
		Debug|Any CPU = Debug|Any CPU
		Release|Any CPU = Release|Any CPU
	EndGlobalSection
	GlobalSection(ProjectConfigurationPlatforms) = postSolution
		{8E442C68-3A46-40D1-AD6D-C9437858E8FA}.Debug|Any CPU.ActiveCfg = Debug|Any CPU
		{8E442C68-3A46-40D1-AD6D-C9437858E8FA}.Debug|Any CPU.Build.0 = Debug|Any CPU
		{8E442C68-3A46-40D1-AD6D-C9437858E8FA}.Release|Any CPU.ActiveCfg = Release|Any CPU
		{8E442C68-3A46-40D1-AD6D-C9437858E8FA}.Release|Any CPU.Build.0 = Release|Any CPU
		{2A5AF08B-9305-4C31-8390-14C508F741A7}.Debug|Any CPU.ActiveCfg = Debug|Any CPU
		{2A5AF08B-9305-4C31-8390-14C508F741A7}.Debug|Any CPU.Build.0 = Debug|Any CPU
		{2A5AF08B-9305-4C31-8390-14C508F741A7}.Release|Any CPU.ActiveCfg = Release|Any CPU
		{2A5AF08B-9305-4C31-8390-14C508F741A7}.Release|Any CPU.Build.0 = Release|Any CPU
		{F73EFD62-9D3F-41D5-B677-E4250522D5D6}.Debug|Any CPU.ActiveCfg = Debug|Any CPU
		{F73EFD62-9D3F-41D5-B677-E4250522D5D6}.Debug|Any CPU.Build.0 = Debug|Any CPU
		{F73EFD62-9D3F-41D5-B677-E4250522D5D6}.Release|Any CPU.ActiveCfg = Release|Any CPU
		{F73EFD62-9D3F-41D5-B677-E4250522D5D6}.Release|Any CPU.Build.0 = Release|Any CPU
	EndGlobalSection
	GlobalSection(SolutionProperties) = preSolution
		HideSolutionNode = FALSE
	EndGlobalSection
EndGlobal
